
Microsoft Visual Studio Solution File, Format Version 12.00
# Visual Studio 15
VisualStudioVersion = 15.0.28010.2046
MinimumVisualStudioVersion = 10.0.40219.1
Project("{9A19103F-16F7-4668-BE54-9A1E7A4F7556}") = "BotBuilder.Tests", "BotBuilder.Tests\BotBuilder.Tests.csproj", "{338F6FA7-76C0-45E5-A148-B59631D10EB2}"
EndProject
Project("{9A19103F-16F7-4668-BE54-9A1E7A4F7556}") = "BotBuilder.AwsServices", "BotBuilder.AwsServices\BotBuilder.AwsServices.csproj", "{AA13AD19-9D51-40F0-8C43-D500A3D62C9B}"
EndProject
Project("{9A19103F-16F7-4668-BE54-9A1E7A4F7556}") = "BotBuilder.Web", "BotBuilder.Web\BotBuilder.Web.csproj", "{6162B4A4-019D-4EDF-B267-6FF7194D1437}"
EndProject
Global
	GlobalSection(SolutionConfigurationPlatforms) = preSolution
		Debug|Any CPU = Debug|Any CPU
		Release|Any CPU = Release|Any CPU
	EndGlobalSection
	GlobalSection(ProjectConfigurationPlatforms) = postSolution
		{338F6FA7-76C0-45E5-A148-B59631D10EB2}.Debug|Any CPU.ActiveCfg = Debug|Any CPU
		{338F6FA7-76C0-45E5-A148-B59631D10EB2}.Debug|Any CPU.Build.0 = Debug|Any CPU
		{338F6FA7-76C0-45E5-A148-B59631D10EB2}.Release|Any CPU.ActiveCfg = Release|Any CPU
		{338F6FA7-76C0-45E5-A148-B59631D10EB2}.Release|Any CPU.Build.0 = Release|Any CPU
		{AA13AD19-9D51-40F0-8C43-D500A3D62C9B}.Debug|Any CPU.ActiveCfg = Debug|Any CPU
		{AA13AD19-9D51-40F0-8C43-D500A3D62C9B}.Debug|Any CPU.Build.0 = Debug|Any CPU
		{AA13AD19-9D51-40F0-8C43-D500A3D62C9B}.Release|Any CPU.ActiveCfg = Release|Any CPU
		{AA13AD19-9D51-40F0-8C43-D500A3D62C9B}.Release|Any CPU.Build.0 = Release|Any CPU
		{6162B4A4-019D-4EDF-B267-6FF7194D1437}.Debug|Any CPU.ActiveCfg = Debug|Any CPU
		{6162B4A4-019D-4EDF-B267-6FF7194D1437}.Debug|Any CPU.Build.0 = Debug|Any CPU
		{6162B4A4-019D-4EDF-B267-6FF7194D1437}.Release|Any CPU.ActiveCfg = Release|Any CPU
		{6162B4A4-019D-4EDF-B267-6FF7194D1437}.Release|Any CPU.Build.0 = Release|Any CPU
	EndGlobalSection
	GlobalSection(SolutionProperties) = preSolution
		HideSolutionNode = FALSE
	EndGlobalSection
	GlobalSection(ExtensibilityGlobals) = postSolution
		SolutionGuid = {105726EF-92B9-4C63-B685-8ED05BF4CD9D}
	EndGlobalSection
EndGlobal
